
Microsoft Visual Studio Solution File, Format Version 12.00
# Visual Studio Version 16
VisualStudioVersion = 16.0.29519.87
MinimumVisualStudioVersion = 10.0.40219.1
Project("{FAE04EC0-301F-11D3-BF4B-00C04F79EFBC}") = "Simple.Wpf.Terminal", "Simple.Wpf.Terminal\Simple.Wpf.Terminal.csproj", "{0C7FED52-E15B-468D-AEE7-AE2195BD3730}"
EndProject
Project("{2150E333-8FDC-42A3-9474-1A3956D46DE8}") = ".nuget", ".nuget", "{E7765B54-8B3C-4EAA-A542-B7EFD1C8CD8F}"
	ProjectSection(SolutionItems) = preProject
		Simple.Wpf.Terminal.nupkg = Simple.Wpf.Terminal.nupkg
	EndProjectSection
EndProject
Project("{FAE04EC0-301F-11D3-BF4B-00C04F79EFBC}") = "Simple.Wpf.Terminal.Themes", "Simple.Wpf.Terminal.Themes\Simple.Wpf.Terminal.Themes.csproj", "{3FE614AA-47AD-4A24-96D3-23A2160ABFD0}"
EndProject
Project("{FAE04EC0-301F-11D3-BF4B-00C04F79EFBC}") = "Simple.Wpf.Terminal.Example", "Simple.Wpf.Terminal.Example\Simple.Wpf.Terminal.Example.csproj", "{8740606C-96AB-4465-A07F-E83B426E6BEA}"
EndProject
Global
	GlobalSection(SolutionConfigurationPlatforms) = preSolution
		Debug|Any CPU = Debug|Any CPU
		Release|Any CPU = Release|Any CPU
	EndGlobalSection
	GlobalSection(ProjectConfigurationPlatforms) = postSolution
		{0C7FED52-E15B-468D-AEE7-AE2195BD3730}.Debug|Any CPU.ActiveCfg = Debug|Any CPU
		{0C7FED52-E15B-468D-AEE7-AE2195BD3730}.Debug|Any CPU.Build.0 = Debug|Any CPU
		{0C7FED52-E15B-468D-AEE7-AE2195BD3730}.Release|Any CPU.ActiveCfg = Release|Any CPU
		{0C7FED52-E15B-468D-AEE7-AE2195BD3730}.Release|Any CPU.Build.0 = Release|Any CPU
		{3FE614AA-47AD-4A24-96D3-23A2160ABFD0}.Debug|Any CPU.ActiveCfg = Debug|Any CPU
		{3FE614AA-47AD-4A24-96D3-23A2160ABFD0}.Debug|Any CPU.Build.0 = Debug|Any CPU
		{3FE614AA-47AD-4A24-96D3-23A2160ABFD0}.Release|Any CPU.ActiveCfg = Release|Any CPU
		{3FE614AA-47AD-4A24-96D3-23A2160ABFD0}.Release|Any CPU.Build.0 = Release|Any CPU
		{8740606C-96AB-4465-A07F-E83B426E6BEA}.Debug|Any CPU.ActiveCfg = Debug|Any CPU
		{8740606C-96AB-4465-A07F-E83B426E6BEA}.Debug|Any CPU.Build.0 = Debug|Any CPU
		{8740606C-96AB-4465-A07F-E83B426E6BEA}.Release|Any CPU.ActiveCfg = Release|Any CPU
		{8740606C-96AB-4465-A07F-E83B426E6BEA}.Release|Any CPU.Build.0 = Release|Any CPU
	EndGlobalSection
	GlobalSection(SolutionProperties) = preSolution
		HideSolutionNode = FALSE
	EndGlobalSection
EndGlobal
